# This file was autogenerated by Stack.
# You should not edit this file by hand.
# For more information, please see the documentation at:
#   https://docs.haskellstack.org/en/stable/topics/lock_files

packages:
- completed:
    name: X11
    pantry-tree:
      sha256: 37ad4b8fe7de932b37734c528c39438397ce5d38fe3af63f135330ca1ab03ab6
      size: 3565
    sha256: dfdf345ad3063abe50e808bb3bf321f9534c95d7aef6f8225984ae43df98c26b
    size: 163368
    url: https://github.com/xmonad/x11/archive/7512f74eae88540f854759f77a0c0160734c4e77.tar.gz
    version: 1.10.3.10
  original:
    url: https://github.com/xmonad/x11/archive/7512f74eae88540f854759f77a0c0160734c4e77.tar.gz
- completed:
    name: xmonad
    pantry-tree:
      sha256: 479c41429987e434e85414b3ffb573bef335876dc8052f024c98691b17b052e2
      size: 3832
    sha256: 7f0b7678723a7bca87c92c11518c6881d06c2df6400d6e086ecbea50ea125f61
    size: 111296
    url: https://github.com/xmonad/xmonad/archive/ebf265a84c6295d4fe15c4a5cf88cb08746f2145.tar.gz
    version: 0.18.0.9
  original:
    url: https://github.com/xmonad/xmonad/archive/ebf265a84c6295d4fe15c4a5cf88cb08746f2145.tar.gz
- completed:
    name: xmonad-contrib
    pantry-tree:
      sha256: 5ee7ab608175afc7e3b3ac3dc9a9d793a92d3f5b29b02385efdb63cec7547e90
      size: 25629
    sha256: 92b90f21fbbcfd9cf428d4d4bac654892cac7ac8426152169d908107ca350b56
    size: 729801
    url: https://github.com/xmonad/xmonad-contrib/archive/4b866210512b90bc532b4cd46dc5171542d0fac8.tar.gz
    version: 0.18.1.9
  original:
    url: https://github.com/xmonad/xmonad-contrib/archive/4b866210512b90bc532b4cd46dc5171542d0fac8.tar.gz
- completed:
    hackage: xmobar-0.44.2@sha256:a2eed5f8833194babd60e45520023cd5698ccb8d40976d1f41a9b53b350297d0,14895
    pantry-tree:
      sha256: c7714be550d267369496c484ba727847f50e941d66009d2f8a8268629fe953f8
      size: 9498
  original:
    hackage: xmobar-0.44.2
snapshots:
- completed:
    sha256: f5d9002479d87103fd070f17cfe71fcd2147676f1e47a2dabca5ab91a42b846d
    size: 619399
    url: https://raw.githubusercontent.com/commercialhaskell/stackage-snapshots/master/lts/19/23.yaml
  original: lts-19.23
