# This file was autogenerated by Stack.
# You should not edit this file by hand.
# For more information, please see the documentation at:
#   https://docs.haskellstack.org/en/stable/topics/lock_files

packages:
- completed:
    name: X11
    pantry-tree:
      sha256: 3ceb615acddef31fea6b83bb5b88e3a598da10b8332a959ad6a0f56d70d18f08
      size: 3565
    sha256: 75c71b8bd2d14291d186fdf6bc4bb6f49a14ac0fa9c8a4783b9c57aabe198bce
    size: 163430
    url: https://github.com/xmonad/x11/archive/3f6e53cb81abf624bb3de1749b3d46c0aa205ad1.tar.gz
    version: 1.10.3.10
  original:
    url: https://github.com/xmonad/x11/archive/3f6e53cb81abf624bb3de1749b3d46c0aa205ad1.tar.gz
- completed:
    name: xmonad
    pantry-tree:
      sha256: 7d586ab037eb7d9d71f1f34d17b193e17127c41daa922177fac08a3f9563ea17
      size: 3832
    sha256: c6e0525c6827cccd98e09b36ca7249c8aec7803eb73e7fc3c7fe3bf066f73c52
    size: 111272
    url: https://github.com/xmonad/xmonad/archive/e3cd2b26e2b1bbcf30df5598af5324785f5ac6a6.tar.gz
    version: 0.18.0.9
  original:
    url: https://github.com/xmonad/xmonad/archive/e3cd2b26e2b1bbcf30df5598af5324785f5ac6a6.tar.gz
- completed:
    name: xmonad-contrib
    pantry-tree:
      sha256: 568465a0b3c59b9eaf025060cd0cb5964e916f38f1383925f365d4aa525ac875
      size: 25628
    sha256: 13f2958473bf06d7c11933dd065887e5644abbe0d348efd0d717c183c9be438a
    size: 730605
    url: https://github.com/xmonad/xmonad-contrib/archive/81c3cbc289e842855b632144fa7a964c8c0fc24c.tar.gz
    version: 0.18.1.9
  original:
    url: https://github.com/xmonad/xmonad-contrib/archive/81c3cbc289e842855b632144fa7a964c8c0fc24c.tar.gz
- completed:
    hackage: xmobar-0.44.2@sha256:a2eed5f8833194babd60e45520023cd5698ccb8d40976d1f41a9b53b350297d0,14895
    pantry-tree:
      sha256: c7714be550d267369496c484ba727847f50e941d66009d2f8a8268629fe953f8
      size: 9498
  original:
    hackage: xmobar-0.44.2
snapshots:
- completed:
    sha256: f5d9002479d87103fd070f17cfe71fcd2147676f1e47a2dabca5ab91a42b846d
    size: 619399
    url: https://raw.githubusercontent.com/commercialhaskell/stackage-snapshots/master/lts/19/23.yaml
  original: lts-19.23
